schema: '2.0'
stages:
  bronze_to_silver:
    cmd: uv run python -m src.pipelines.data.bronze_to_silver
    deps:
    - path: data/bronze/
      hash: md5
      md5: 96e26d328f51230dc301f892601da8a1.dir
      size: 225077034
      nfiles: 8
    - path: src/pipelines/data/bronze_to_silver.py
      hash: md5
      md5: a0190c9cedc9d5274063962a48e0967f
      size: 9353
    outs:
    - path: data/silver/
      hash: md5
      md5: fc2c56c2f07032dd8bcb52b13cb89ed3.dir
      size: 28737531
      nfiles: 8
  silver_to_gold:
    cmd: uv run python -m src.pipelines.data.silver_to_gold
    deps:
    - path: data/silver/
      hash: md5
      md5: fc2c56c2f07032dd8bcb52b13cb89ed3.dir
      size: 28737531
      nfiles: 8
    - path: src/pipelines/data/silver_to_gold.py
      hash: md5
      md5: 26fd6cc9bee26fa75a30bcc7752c870b
      size: 11436
    outs:
    - path: data/gold/
      hash: md5
      md5: e260f88f0b236181bbaac0a146c1a878.dir
      size: 6916730
      nfiles: 2
