schema: '2.0'
stages:
  bronze_to_silver:
    cmd: uv run python -m src.pipelines.data.bronze_to_silver
    deps:
    - path: data/bronze/
      hash: md5
      md5: 96e26d328f51230dc301f892601da8a1.dir
      size: 225077034
      nfiles: 8
    - path: src/pipelines/data/bronze_to_silver.py
      hash: md5
      md5: 0db6016504e20c97c4ca0aee3c90c764
      size: 9316
    outs:
    - path: data/silver/
      hash: md5
      md5: fc2c56c2f07032dd8bcb52b13cb89ed3.dir
      size: 28737531
      nfiles: 8
  silver_to_gold:
    cmd: uv run python -m src.pipelines.data.silver_to_gold
    deps:
    - path: data/silver/
      hash: md5
      md5: fc2c56c2f07032dd8bcb52b13cb89ed3.dir
      size: 28737531
      nfiles: 8
    - path: src/pipelines/data/silver_to_gold.py
      hash: md5
      md5: 8921e48219e7b52fbff6c245df98800f
      size: 20165
    outs:
    - path: data/gold/
      hash: md5
      md5: f176b959dcf83417ab55d1578e0f1d26.dir
      size: 8473406
      nfiles: 2
